
Microsoft Visual Studio Solution File, Format Version 12.00
# Visual Studio 15
VisualStudioVersion = 15.0.27428.2005
MinimumVisualStudioVersion = 10.0.40219.1
Project("{FAE04EC0-301F-11D3-BF4B-00C04F79EFBC}") = "AppCenterSample.Android", "AppCenterSample\AppCenterSample.Android\AppCenterSample.Android.csproj", "{866010C0-6A08-4B21-9855-1DE0855C0DEE}"
EndProject
Project("{FAE04EC0-301F-11D3-BF4B-00C04F79EFBC}") = "AppCenterSample.iOS", "AppCenterSample\AppCenterSample.iOS\AppCenterSample.iOS.csproj", "{C5F3507D-161E-4BB7-B7F7-E7A5C3BEAB45}"
EndProject
Project("{FAE04EC0-301F-11D3-BF4B-00C04F79EFBC}") = "AppCenterSample.UWP", "AppCenterSample\AppCenterSample.UWP\AppCenterSample.UWP.csproj", "{C1F9DD9F-069C-4396-8D62-F39E95786561}"
EndProject
Project("{9A19103F-16F7-4668-BE54-9A1E7A4F7556}") = "AppCenterSample", "AppCenterSample\AppCenterSample\AppCenterSample.csproj", "{0276833C-0034-4B8D-A510-86BB4DA27A87}"
EndProject
Project("{FAE04EC0-301F-11D3-BF4B-00C04F79EFBC}") = "UITestAppCenterSample", "UITestAppCenterSample\UITestAppCenterSample.csproj", "{31B94B0C-3DD7-4559-A631-A2737116FCB1}"
EndProject
Global
	GlobalSection(SolutionConfigurationPlatforms) = preSolution
		Ad-Hoc|Any CPU = Ad-Hoc|Any CPU
		Ad-Hoc|ARM = Ad-Hoc|ARM
		Ad-Hoc|iPhone = Ad-Hoc|iPhone
		Ad-Hoc|iPhoneSimulator = Ad-Hoc|iPhoneSimulator
		Ad-Hoc|x64 = Ad-Hoc|x64
		Ad-Hoc|x86 = Ad-Hoc|x86
		AppStore|Any CPU = AppStore|Any CPU
		AppStore|ARM = AppStore|ARM
		AppStore|iPhone = AppStore|iPhone
		AppStore|iPhoneSimulator = AppStore|iPhoneSimulator
		AppStore|x64 = AppStore|x64
		AppStore|x86 = AppStore|x86
		Debug|Any CPU = Debug|Any CPU
		Debug|ARM = Debug|ARM
		Debug|iPhone = Debug|iPhone
		Debug|iPhoneSimulator = Debug|iPhoneSimulator
		Debug|x64 = Debug|x64
		Debug|x86 = Debug|x86
		Release|Any CPU = Release|Any CPU
		Release|ARM = Release|ARM
		Release|iPhone = Release|iPhone
		Release|iPhoneSimulator = Release|iPhoneSimulator
		Release|x64 = Release|x64
		Release|x86 = Release|x86
	EndGlobalSection
	GlobalSection(ProjectConfigurationPlatforms) = postSolution
		{866010C0-6A08-4B21-9855-1DE0855C0DEE}.Ad-Hoc|Any CPU.ActiveCfg = Release|Any CPU
		{866010C0-6A08-4B21-9855-1DE0855C0DEE}.Ad-Hoc|Any CPU.Build.0 = Release|Any CPU
		{866010C0-6A08-4B21-9855-1DE0855C0DEE}.Ad-Hoc|Any CPU.Deploy.0 = Release|Any CPU
		{866010C0-6A08-4B21-9855-1DE0855C0DEE}.Ad-Hoc|ARM.ActiveCfg = Release|Any CPU
		{866010C0-6A08-4B21-9855-1DE0855C0DEE}.Ad-Hoc|ARM.Build.0 = Release|Any CPU
		{866010C0-6A08-4B21-9855-1DE0855C0DEE}.Ad-Hoc|ARM.Deploy.0 = Release|Any CPU
		{866010C0-6A08-4B21-9855-1DE0855C0DEE}.Ad-Hoc|iPhone.ActiveCfg = Release|Any CPU
		{866010C0-6A08-4B21-9855-1DE0855C0DEE}.Ad-Hoc|iPhone.Build.0 = Release|Any CPU
		{866010C0-6A08-4B21-9855-1DE0855C0DEE}.Ad-Hoc|iPhone.Deploy.0 = Release|Any CPU
		{866010C0-6A08-4B21-9855-1DE0855C0DEE}.Ad-Hoc|iPhoneSimulator.ActiveCfg = Release|Any CPU
		{866010C0-6A08-4B21-9855-1DE0855C0DEE}.Ad-Hoc|iPhoneSimulator.Build.0 = Release|Any CPU
		{866010C0-6A08-4B21-9855-1DE0855C0DEE}.Ad-Hoc|iPhoneSimulator.Deploy.0 = Release|Any CPU
		{866010C0-6A08-4B21-9855-1DE0855C0DEE}.Ad-Hoc|x64.ActiveCfg = Release|Any CPU
		{866010C0-6A08-4B21-9855-1DE0855C0DEE}.Ad-Hoc|x64.Build.0 = Release|Any CPU
		{866010C0-6A08-4B21-9855-1DE0855C0DEE}.Ad-Hoc|x64.Deploy.0 = Release|Any CPU
		{866010C0-6A08-4B21-9855-1DE0855C0DEE}.Ad-Hoc|x86.ActiveCfg = Release|Any CPU
		{866010C0-6A08-4B21-9855-1DE0855C0DEE}.Ad-Hoc|x86.Build.0 = Release|Any CPU
		{866010C0-6A08-4B21-9855-1DE0855C0DEE}.Ad-Hoc|x86.Deploy.0 = Release|Any CPU
		{866010C0-6A08-4B21-9855-1DE0855C0DEE}.AppStore|Any CPU.ActiveCfg = Release|Any CPU
		{866010C0-6A08-4B21-9855-1DE0855C0DEE}.AppStore|Any CPU.Build.0 = Release|Any CPU
		{866010C0-6A08-4B21-9855-1DE0855C0DEE}.AppStore|Any CPU.Deploy.0 = Release|Any CPU
		{866010C0-6A08-4B21-9855-1DE0855C0DEE}.AppStore|ARM.ActiveCfg = Release|Any CPU
		{866010C0-6A08-4B21-9855-1DE0855C0DEE}.AppStore|ARM.Build.0 = Release|Any CPU
		{866010C0-6A08-4B21-9855-1DE0855C0DEE}.AppStore|ARM.Deploy.0 = Release|Any CPU
		{866010C0-6A08-4B21-9855-1DE0855C0DEE}.AppStore|iPhone.ActiveCfg = Release|Any CPU
		{866010C0-6A08-4B21-9855-1DE0855C0DEE}.AppStore|iPhone.Build.0 = Release|Any CPU
		{866010C0-6A08-4B21-9855-1DE0855C0DEE}.AppStore|iPhone.Deploy.0 = Release|Any CPU
		{866010C0-6A08-4B21-9855-1DE0855C0DEE}.AppStore|iPhoneSimulator.ActiveCfg = Release|Any CPU
		{866010C0-6A08-4B21-9855-1DE0855C0DEE}.AppStore|iPhoneSimulator.Build.0 = Release|Any CPU
		{866010C0-6A08-4B21-9855-1DE0855C0DEE}.AppStore|iPhoneSimulator.Deploy.0 = Release|Any CPU
		{866010C0-6A08-4B21-9855-1DE0855C0DEE}.AppStore|x64.ActiveCfg = Release|Any CPU
		{866010C0-6A08-4B21-9855-1DE0855C0DEE}.AppStore|x64.Build.0 = Release|Any CPU
		{866010C0-6A08-4B21-9855-1DE0855C0DEE}.AppStore|x64.Deploy.0 = Release|Any CPU
		{866010C0-6A08-4B21-9855-1DE0855C0DEE}.AppStore|x86.ActiveCfg = Release|Any CPU
		{866010C0-6A08-4B21-9855-1DE0855C0DEE}.AppStore|x86.Build.0 = Release|Any CPU
		{866010C0-6A08-4B21-9855-1DE0855C0DEE}.AppStore|x86.Deploy.0 = Release|Any CPU
		{866010C0-6A08-4B21-9855-1DE0855C0DEE}.Debug|Any CPU.ActiveCfg = Debug|Any CPU
		{866010C0-6A08-4B21-9855-1DE0855C0DEE}.Debug|Any CPU.Build.0 = Debug|Any CPU
		{866010C0-6A08-4B21-9855-1DE0855C0DEE}.Debug|Any CPU.Deploy.0 = Debug|Any CPU
		{866010C0-6A08-4B21-9855-1DE0855C0DEE}.Debug|ARM.ActiveCfg = Debug|Any CPU
		{866010C0-6A08-4B21-9855-1DE0855C0DEE}.Debug|ARM.Build.0 = Debug|Any CPU
		{866010C0-6A08-4B21-9855-1DE0855C0DEE}.Debug|ARM.Deploy.0 = Debug|Any CPU
		{866010C0-6A08-4B21-9855-1DE0855C0DEE}.Debug|iPhone.ActiveCfg = Debug|Any CPU
		{866010C0-6A08-4B21-9855-1DE0855C0DEE}.Debug|iPhone.Build.0 = Debug|Any CPU
		{866010C0-6A08-4B21-9855-1DE0855C0DEE}.Debug|iPhone.Deploy.0 = Debug|Any CPU
		{866010C0-6A08-4B21-9855-1DE0855C0DEE}.Debug|iPhoneSimulator.ActiveCfg = Debug|Any CPU
		{866010C0-6A08-4B21-9855-1DE0855C0DEE}.Debug|iPhoneSimulator.Build.0 = Debug|Any CPU
		{866010C0-6A08-4B21-9855-1DE0855C0DEE}.Debug|iPhoneSimulator.Deploy.0 = Debug|Any CPU
		{866010C0-6A08-4B21-9855-1DE0855C0DEE}.Debug|x64.ActiveCfg = Debug|Any CPU
		{866010C0-6A08-4B21-9855-1DE0855C0DEE}.Debug|x64.Build.0 = Debug|Any CPU
		{866010C0-6A08-4B21-9855-1DE0855C0DEE}.Debug|x64.Deploy.0 = Debug|Any CPU
		{866010C0-6A08-4B21-9855-1DE0855C0DEE}.Debug|x86.ActiveCfg = Debug|Any CPU
		{866010C0-6A08-4B21-9855-1DE0855C0DEE}.Debug|x86.Build.0 = Debug|Any CPU
		{866010C0-6A08-4B21-9855-1DE0855C0DEE}.Debug|x86.Deploy.0 = Debug|Any CPU
		{866010C0-6A08-4B21-9855-1DE0855C0DEE}.Release|Any CPU.ActiveCfg = Release|Any CPU
		{866010C0-6A08-4B21-9855-1DE0855C0DEE}.Release|Any CPU.Build.0 = Release|Any CPU
		{866010C0-6A08-4B21-9855-1DE0855C0DEE}.Release|Any CPU.Deploy.0 = Release|Any CPU
		{866010C0-6A08-4B21-9855-1DE0855C0DEE}.Release|ARM.ActiveCfg = Release|Any CPU
		{866010C0-6A08-4B21-9855-1DE0855C0DEE}.Release|ARM.Build.0 = Release|Any CPU
		{866010C0-6A08-4B21-9855-1DE0855C0DEE}.Release|ARM.Deploy.0 = Release|Any CPU
		{866010C0-6A08-4B21-9855-1DE0855C0DEE}.Release|iPhone.ActiveCfg = Release|Any CPU
		{866010C0-6A08-4B21-9855-1DE0855C0DEE}.Release|iPhone.Build.0 = Release|Any CPU
		{866010C0-6A08-4B21-9855-1DE0855C0DEE}.Release|iPhone.Deploy.0 = Release|Any CPU
		{866010C0-6A08-4B21-9855-1DE0855C0DEE}.Release|iPhoneSimulator.ActiveCfg = Release|Any CPU
		{866010C0-6A08-4B21-9855-1DE0855C0DEE}.Release|iPhoneSimulator.Build.0 = Release|Any CPU
		{866010C0-6A08-4B21-9855-1DE0855C0DEE}.Release|iPhoneSimulator.Deploy.0 = Release|Any CPU
		{866010C0-6A08-4B21-9855-1DE0855C0DEE}.Release|x64.ActiveCfg = Release|Any CPU
		{866010C0-6A08-4B21-9855-1DE0855C0DEE}.Release|x64.Build.0 = Release|Any CPU
		{866010C0-6A08-4B21-9855-1DE0855C0DEE}.Release|x64.Deploy.0 = Release|Any CPU
		{866010C0-6A08-4B21-9855-1DE0855C0DEE}.Release|x86.ActiveCfg = Release|Any CPU
		{866010C0-6A08-4B21-9855-1DE0855C0DEE}.Release|x86.Build.0 = Release|Any CPU
		{866010C0-6A08-4B21-9855-1DE0855C0DEE}.Release|x86.Deploy.0 = Release|Any CPU
		{C5F3507D-161E-4BB7-B7F7-E7A5C3BEAB45}.Ad-Hoc|Any CPU.ActiveCfg = Ad-Hoc|iPhone
		{C5F3507D-161E-4BB7-B7F7-E7A5C3BEAB45}.Ad-Hoc|ARM.ActiveCfg = Ad-Hoc|iPhone
		{C5F3507D-161E-4BB7-B7F7-E7A5C3BEAB45}.Ad-Hoc|iPhone.ActiveCfg = Ad-Hoc|iPhone
		{C5F3507D-161E-4BB7-B7F7-E7A5C3BEAB45}.Ad-Hoc|iPhone.Build.0 = Ad-Hoc|iPhone
		{C5F3507D-161E-4BB7-B7F7-E7A5C3BEAB45}.Ad-Hoc|iPhoneSimulator.ActiveCfg = Ad-Hoc|iPhoneSimulator
		{C5F3507D-161E-4BB7-B7F7-E7A5C3BEAB45}.Ad-Hoc|iPhoneSimulator.Build.0 = Ad-Hoc|iPhoneSimulator
		{C5F3507D-161E-4BB7-B7F7-E7A5C3BEAB45}.Ad-Hoc|x64.ActiveCfg = Ad-Hoc|iPhone
		{C5F3507D-161E-4BB7-B7F7-E7A5C3BEAB45}.Ad-Hoc|x86.ActiveCfg = Ad-Hoc|iPhone
		{C5F3507D-161E-4BB7-B7F7-E7A5C3BEAB45}.AppStore|Any CPU.ActiveCfg = AppStore|iPhone
		{C5F3507D-161E-4BB7-B7F7-E7A5C3BEAB45}.AppStore|ARM.ActiveCfg = AppStore|iPhone
		{C5F3507D-161E-4BB7-B7F7-E7A5C3BEAB45}.AppStore|iPhone.ActiveCfg = AppStore|iPhone
		{C5F3507D-161E-4BB7-B7F7-E7A5C3BEAB45}.AppStore|iPhone.Build.0 = AppStore|iPhone
		{C5F3507D-161E-4BB7-B7F7-E7A5C3BEAB45}.AppStore|iPhoneSimulator.ActiveCfg = AppStore|iPhoneSimulator
		{C5F3507D-161E-4BB7-B7F7-E7A5C3BEAB45}.AppStore|iPhoneSimulator.Build.0 = AppStore|iPhoneSimulator
		{C5F3507D-161E-4BB7-B7F7-E7A5C3BEAB45}.AppStore|x64.ActiveCfg = AppStore|iPhone
		{C5F3507D-161E-4BB7-B7F7-E7A5C3BEAB45}.AppStore|x86.ActiveCfg = AppStore|iPhone
		{C5F3507D-161E-4BB7-B7F7-E7A5C3BEAB45}.Debug|Any CPU.ActiveCfg = Debug|iPhone
		{C5F3507D-161E-4BB7-B7F7-E7A5C3BEAB45}.Debug|ARM.ActiveCfg = Debug|iPhone
		{C5F3507D-161E-4BB7-B7F7-E7A5C3BEAB45}.Debug|iPhone.ActiveCfg = Debug|iPhone
		{C5F3507D-161E-4BB7-B7F7-E7A5C3BEAB45}.Debug|iPhone.Build.0 = Debug|iPhone
		{C5F3507D-161E-4BB7-B7F7-E7A5C3BEAB45}.Debug|iPhoneSimulator.ActiveCfg = Debug|iPhoneSimulator
		{C5F3507D-161E-4BB7-B7F7-E7A5C3BEAB45}.Debug|iPhoneSimulator.Build.0 = Debug|iPhoneSimulator
		{C5F3507D-161E-4BB7-B7F7-E7A5C3BEAB45}.Debug|x64.ActiveCfg = Debug|iPhone
		{C5F3507D-161E-4BB7-B7F7-E7A5C3BEAB45}.Debug|x86.ActiveCfg = Debug|iPhone
		{C5F3507D-161E-4BB7-B7F7-E7A5C3BEAB45}.Release|Any CPU.ActiveCfg = Release|iPhone
		{C5F3507D-161E-4BB7-B7F7-E7A5C3BEAB45}.Release|ARM.ActiveCfg = Release|iPhone
		{C5F3507D-161E-4BB7-B7F7-E7A5C3BEAB45}.Release|iPhone.ActiveCfg = Release|iPhone
		{C5F3507D-161E-4BB7-B7F7-E7A5C3BEAB45}.Release|iPhone.Build.0 = Release|iPhone
		{C5F3507D-161E-4BB7-B7F7-E7A5C3BEAB45}.Release|iPhoneSimulator.ActiveCfg = Release|iPhoneSimulator
		{C5F3507D-161E-4BB7-B7F7-E7A5C3BEAB45}.Release|iPhoneSimulator.Build.0 = Release|iPhoneSimulator
		{C5F3507D-161E-4BB7-B7F7-E7A5C3BEAB45}.Release|x64.ActiveCfg = Release|iPhone
		{C5F3507D-161E-4BB7-B7F7-E7A5C3BEAB45}.Release|x86.ActiveCfg = Release|iPhone
		{C1F9DD9F-069C-4396-8D62-F39E95786561}.Ad-Hoc|Any CPU.ActiveCfg = Release|x86
		{C1F9DD9F-069C-4396-8D62-F39E95786561}.Ad-Hoc|Any CPU.Build.0 = Release|x86
		{C1F9DD9F-069C-4396-8D62-F39E95786561}.Ad-Hoc|Any CPU.Deploy.0 = Release|x86
		{C1F9DD9F-069C-4396-8D62-F39E95786561}.Ad-Hoc|ARM.ActiveCfg = Release|ARM
		{C1F9DD9F-069C-4396-8D62-F39E95786561}.Ad-Hoc|ARM.Build.0 = Release|ARM
		{C1F9DD9F-069C-4396-8D62-F39E95786561}.Ad-Hoc|ARM.Deploy.0 = Release|ARM
		{C1F9DD9F-069C-4396-8D62-F39E95786561}.Ad-Hoc|iPhone.ActiveCfg = Release|x86
		{C1F9DD9F-069C-4396-8D62-F39E95786561}.Ad-Hoc|iPhone.Build.0 = Release|x86
		{C1F9DD9F-069C-4396-8D62-F39E95786561}.Ad-Hoc|iPhone.Deploy.0 = Release|x86
		{C1F9DD9F-069C-4396-8D62-F39E95786561}.Ad-Hoc|iPhoneSimulator.ActiveCfg = Release|x86
		{C1F9DD9F-069C-4396-8D62-F39E95786561}.Ad-Hoc|iPhoneSimulator.Build.0 = Release|x86
		{C1F9DD9F-069C-4396-8D62-F39E95786561}.Ad-Hoc|iPhoneSimulator.Deploy.0 = Release|x86
		{C1F9DD9F-069C-4396-8D62-F39E95786561}.Ad-Hoc|x64.ActiveCfg = Release|x64
		{C1F9DD9F-069C-4396-8D62-F39E95786561}.Ad-Hoc|x64.Build.0 = Release|x64
		{C1F9DD9F-069C-4396-8D62-F39E95786561}.Ad-Hoc|x64.Deploy.0 = Release|x64
		{C1F9DD9F-069C-4396-8D62-F39E95786561}.Ad-Hoc|x86.ActiveCfg = Release|x86
		{C1F9DD9F-069C-4396-8D62-F39E95786561}.Ad-Hoc|x86.Build.0 = Release|x86
		{C1F9DD9F-069C-4396-8D62-F39E95786561}.Ad-Hoc|x86.Deploy.0 = Release|x86
		{C1F9DD9F-069C-4396-8D62-F39E95786561}.AppStore|Any CPU.ActiveCfg = Release|x86
		{C1F9DD9F-069C-4396-8D62-F39E95786561}.AppStore|Any CPU.Build.0 = Release|x86
		{C1F9DD9F-069C-4396-8D62-F39E95786561}.AppStore|Any CPU.Deploy.0 = Release|x86
		{C1F9DD9F-069C-4396-8D62-F39E95786561}.AppStore|ARM.ActiveCfg = Release|ARM
		{C1F9DD9F-069C-4396-8D62-F39E95786561}.AppStore|ARM.Build.0 = Release|ARM
		{C1F9DD9F-069C-4396-8D62-F39E95786561}.AppStore|ARM.Deploy.0 = Release|ARM
		{C1F9DD9F-069C-4396-8D62-F39E95786561}.AppStore|iPhone.ActiveCfg = Release|x86
		{C1F9DD9F-069C-4396-8D62-F39E95786561}.AppStore|iPhone.Build.0 = Release|x86
		{C1F9DD9F-069C-4396-8D62-F39E95786561}.AppStore|iPhone.Deploy.0 = Release|x86
		{C1F9DD9F-069C-4396-8D62-F39E95786561}.AppStore|iPhoneSimulator.ActiveCfg = Release|x86
		{C1F9DD9F-069C-4396-8D62-F39E95786561}.AppStore|iPhoneSimulator.Build.0 = Release|x86
		{C1F9DD9F-069C-4396-8D62-F39E95786561}.AppStore|iPhoneSimulator.Deploy.0 = Release|x86
		{C1F9DD9F-069C-4396-8D62-F39E95786561}.AppStore|x64.ActiveCfg = Release|x64
		{C1F9DD9F-069C-4396-8D62-F39E95786561}.AppStore|x64.Build.0 = Release|x64
		{C1F9DD9F-069C-4396-8D62-F39E95786561}.AppStore|x64.Deploy.0 = Release|x64
		{C1F9DD9F-069C-4396-8D62-F39E95786561}.AppStore|x86.ActiveCfg = Release|x86
		{C1F9DD9F-069C-4396-8D62-F39E95786561}.AppStore|x86.Build.0 = Release|x86
		{C1F9DD9F-069C-4396-8D62-F39E95786561}.AppStore|x86.Deploy.0 = Release|x86
		{C1F9DD9F-069C-4396-8D62-F39E95786561}.Debug|Any CPU.ActiveCfg = Debug|x86
		{C1F9DD9F-069C-4396-8D62-F39E95786561}.Debug|ARM.ActiveCfg = Debug|ARM
		{C1F9DD9F-069C-4396-8D62-F39E95786561}.Debug|ARM.Build.0 = Debug|ARM
		{C1F9DD9F-069C-4396-8D62-F39E95786561}.Debug|ARM.Deploy.0 = Debug|ARM
		{C1F9DD9F-069C-4396-8D62-F39E95786561}.Debug|iPhone.ActiveCfg = Debug|x86
		{C1F9DD9F-069C-4396-8D62-F39E95786561}.Debug|iPhoneSimulator.ActiveCfg = Debug|x86
		{C1F9DD9F-069C-4396-8D62-F39E95786561}.Debug|x64.ActiveCfg = Debug|x64
		{C1F9DD9F-069C-4396-8D62-F39E95786561}.Debug|x64.Build.0 = Debug|x64
		{C1F9DD9F-069C-4396-8D62-F39E95786561}.Debug|x64.Deploy.0 = Debug|x64
		{C1F9DD9F-069C-4396-8D62-F39E95786561}.Debug|x86.ActiveCfg = Debug|x86
		{C1F9DD9F-069C-4396-8D62-F39E95786561}.Debug|x86.Build.0 = Debug|x86
		{C1F9DD9F-069C-4396-8D62-F39E95786561}.Debug|x86.Deploy.0 = Debug|x86
		{C1F9DD9F-069C-4396-8D62-F39E95786561}.Release|Any CPU.ActiveCfg = Release|x86
		{C1F9DD9F-069C-4396-8D62-F39E95786561}.Release|ARM.ActiveCfg = Release|ARM
		{C1F9DD9F-069C-4396-8D62-F39E95786561}.Release|ARM.Build.0 = Release|ARM
		{C1F9DD9F-069C-4396-8D62-F39E95786561}.Release|ARM.Deploy.0 = Release|ARM
		{C1F9DD9F-069C-4396-8D62-F39E95786561}.Release|iPhone.ActiveCfg = Release|x86
		{C1F9DD9F-069C-4396-8D62-F39E95786561}.Release|iPhoneSimulator.ActiveCfg = Release|x86
		{C1F9DD9F-069C-4396-8D62-F39E95786561}.Release|x64.ActiveCfg = Release|x64
		{C1F9DD9F-069C-4396-8D62-F39E95786561}.Release|x64.Build.0 = Release|x64
		{C1F9DD9F-069C-4396-8D62-F39E95786561}.Release|x64.Deploy.0 = Release|x64
		{C1F9DD9F-069C-4396-8D62-F39E95786561}.Release|x86.ActiveCfg = Release|x86
		{C1F9DD9F-069C-4396-8D62-F39E95786561}.Release|x86.Build.0 = Release|x86
		{C1F9DD9F-069C-4396-8D62-F39E95786561}.Release|x86.Deploy.0 = Release|x86
		{0276833C-0034-4B8D-A510-86BB4DA27A87}.Ad-Hoc|Any CPU.ActiveCfg = Debug|Any CPU
		{0276833C-0034-4B8D-A510-86BB4DA27A87}.Ad-Hoc|Any CPU.Build.0 = Debug|Any CPU
		{0276833C-0034-4B8D-A510-86BB4DA27A87}.Ad-Hoc|ARM.ActiveCfg = Debug|Any CPU
		{0276833C-0034-4B8D-A510-86BB4DA27A87}.Ad-Hoc|ARM.Build.0 = Debug|Any CPU
		{0276833C-0034-4B8D-A510-86BB4DA27A87}.Ad-Hoc|iPhone.ActiveCfg = Debug|Any CPU
		{0276833C-0034-4B8D-A510-86BB4DA27A87}.Ad-Hoc|iPhone.Build.0 = Debug|Any CPU
		{0276833C-0034-4B8D-A510-86BB4DA27A87}.Ad-Hoc|iPhoneSimulator.ActiveCfg = Debug|Any CPU
		{0276833C-0034-4B8D-A510-86BB4DA27A87}.Ad-Hoc|iPhoneSimulator.Build.0 = Debug|Any CPU
		{0276833C-0034-4B8D-A510-86BB4DA27A87}.Ad-Hoc|x64.ActiveCfg = Debug|Any CPU
		{0276833C-0034-4B8D-A510-86BB4DA27A87}.Ad-Hoc|x64.Build.0 = Debug|Any CPU
		{0276833C-0034-4B8D-A510-86BB4DA27A87}.Ad-Hoc|x86.ActiveCfg = Debug|Any CPU
		{0276833C-0034-4B8D-A510-86BB4DA27A87}.Ad-Hoc|x86.Build.0 = Debug|Any CPU
		{0276833C-0034-4B8D-A510-86BB4DA27A87}.AppStore|Any CPU.ActiveCfg = Debug|Any CPU
		{0276833C-0034-4B8D-A510-86BB4DA27A87}.AppStore|Any CPU.Build.0 = Debug|Any CPU
		{0276833C-0034-4B8D-A510-86BB4DA27A87}.AppStore|ARM.ActiveCfg = Debug|Any CPU
		{0276833C-0034-4B8D-A510-86BB4DA27A87}.AppStore|ARM.Build.0 = Debug|Any CPU
		{0276833C-0034-4B8D-A510-86BB4DA27A87}.AppStore|iPhone.ActiveCfg = Debug|Any CPU
		{0276833C-0034-4B8D-A510-86BB4DA27A87}.AppStore|iPhone.Build.0 = Debug|Any CPU
		{0276833C-0034-4B8D-A510-86BB4DA27A87}.AppStore|iPhoneSimulator.ActiveCfg = Debug|Any CPU
		{0276833C-0034-4B8D-A510-86BB4DA27A87}.AppStore|iPhoneSimulator.Build.0 = Debug|Any CPU
		{0276833C-0034-4B8D-A510-86BB4DA27A87}.AppStore|x64.ActiveCfg = Debug|Any CPU
		{0276833C-0034-4B8D-A510-86BB4DA27A87}.AppStore|x64.Build.0 = Debug|Any CPU
		{0276833C-0034-4B8D-A510-86BB4DA27A87}.AppStore|x86.ActiveCfg = Debug|Any CPU
		{0276833C-0034-4B8D-A510-86BB4DA27A87}.AppStore|x86.Build.0 = Debug|Any CPU
		{0276833C-0034-4B8D-A510-86BB4DA27A87}.Debug|Any CPU.ActiveCfg = Debug|Any CPU
		{0276833C-0034-4B8D-A510-86BB4DA27A87}.Debug|Any CPU.Build.0 = Debug|Any CPU
		{0276833C-0034-4B8D-A510-86BB4DA27A87}.Debug|ARM.ActiveCfg = Debug|Any CPU
		{0276833C-0034-4B8D-A510-86BB4DA27A87}.Debug|ARM.Build.0 = Debug|Any CPU
		{0276833C-0034-4B8D-A510-86BB4DA27A87}.Debug|iPhone.ActiveCfg = Debug|Any CPU
		{0276833C-0034-4B8D-A510-86BB4DA27A87}.Debug|iPhone.Build.0 = Debug|Any CPU
		{0276833C-0034-4B8D-A510-86BB4DA27A87}.Debug|iPhoneSimulator.ActiveCfg = Debug|Any CPU
		{0276833C-0034-4B8D-A510-86BB4DA27A87}.Debug|iPhoneSimulator.Build.0 = Debug|Any CPU
		{0276833C-0034-4B8D-A510-86BB4DA27A87}.Debug|x64.ActiveCfg = Debug|Any CPU
		{0276833C-0034-4B8D-A510-86BB4DA27A87}.Debug|x64.Build.0 = Debug|Any CPU
		{0276833C-0034-4B8D-A510-86BB4DA27A87}.Debug|x86.ActiveCfg = Debug|Any CPU
		{0276833C-0034-4B8D-A510-86BB4DA27A87}.Debug|x86.Build.0 = Debug|Any CPU
		{0276833C-0034-4B8D-A510-86BB4DA27A87}.Release|Any CPU.ActiveCfg = Release|Any CPU
		{0276833C-0034-4B8D-A510-86BB4DA27A87}.Release|Any CPU.Build.0 = Release|Any CPU
		{0276833C-0034-4B8D-A510-86BB4DA27A87}.Release|ARM.ActiveCfg = Release|Any CPU
		{0276833C-0034-4B8D-A510-86BB4DA27A87}.Release|ARM.Build.0 = Release|Any CPU
		{0276833C-0034-4B8D-A510-86BB4DA27A87}.Release|iPhone.ActiveCfg = Release|Any CPU
		{0276833C-0034-4B8D-A510-86BB4DA27A87}.Release|iPhone.Build.0 = Release|Any CPU
		{0276833C-0034-4B8D-A510-86BB4DA27A87}.Release|iPhoneSimulator.ActiveCfg = Release|Any CPU
		{0276833C-0034-4B8D-A510-86BB4DA27A87}.Release|iPhoneSimulator.Build.0 = Release|Any CPU
		{0276833C-0034-4B8D-A510-86BB4DA27A87}.Release|x64.ActiveCfg = Release|Any CPU
		{0276833C-0034-4B8D-A510-86BB4DA27A87}.Release|x64.Build.0 = Release|Any CPU
		{0276833C-0034-4B8D-A510-86BB4DA27A87}.Release|x86.ActiveCfg = Release|Any CPU
		{0276833C-0034-4B8D-A510-86BB4DA27A87}.Release|x86.Build.0 = Release|Any CPU
		{31B94B0C-3DD7-4559-A631-A2737116FCB1}.Ad-Hoc|Any CPU.ActiveCfg = Release|Any CPU
		{31B94B0C-3DD7-4559-A631-A2737116FCB1}.Ad-Hoc|Any CPU.Build.0 = Release|Any CPU
		{31B94B0C-3DD7-4559-A631-A2737116FCB1}.Ad-Hoc|ARM.ActiveCfg = Release|Any CPU
		{31B94B0C-3DD7-4559-A631-A2737116FCB1}.Ad-Hoc|ARM.Build.0 = Release|Any CPU
		{31B94B0C-3DD7-4559-A631-A2737116FCB1}.Ad-Hoc|iPhone.ActiveCfg = Release|Any CPU
		{31B94B0C-3DD7-4559-A631-A2737116FCB1}.Ad-Hoc|iPhone.Build.0 = Release|Any CPU
		{31B94B0C-3DD7-4559-A631-A2737116FCB1}.Ad-Hoc|iPhoneSimulator.ActiveCfg = Release|Any CPU
		{31B94B0C-3DD7-4559-A631-A2737116FCB1}.Ad-Hoc|iPhoneSimulator.Build.0 = Release|Any CPU
		{31B94B0C-3DD7-4559-A631-A2737116FCB1}.Ad-Hoc|x64.ActiveCfg = Release|Any CPU
		{31B94B0C-3DD7-4559-A631-A2737116FCB1}.Ad-Hoc|x64.Build.0 = Release|Any CPU
		{31B94B0C-3DD7-4559-A631-A2737116FCB1}.Ad-Hoc|x86.ActiveCfg = Release|Any CPU
		{31B94B0C-3DD7-4559-A631-A2737116FCB1}.Ad-Hoc|x86.Build.0 = Release|Any CPU
		{31B94B0C-3DD7-4559-A631-A2737116FCB1}.AppStore|Any CPU.ActiveCfg = Release|Any CPU
		{31B94B0C-3DD7-4559-A631-A2737116FCB1}.AppStore|Any CPU.Build.0 = Release|Any CPU
		{31B94B0C-3DD7-4559-A631-A2737116FCB1}.AppStore|ARM.ActiveCfg = Release|Any CPU
		{31B94B0C-3DD7-4559-A631-A2737116FCB1}.AppStore|ARM.Build.0 = Release|Any CPU
		{31B94B0C-3DD7-4559-A631-A2737116FCB1}.AppStore|iPhone.ActiveCfg = Release|Any CPU
		{31B94B0C-3DD7-4559-A631-A2737116FCB1}.AppStore|iPhone.Build.0 = Release|Any CPU
		{31B94B0C-3DD7-4559-A631-A2737116FCB1}.AppStore|iPhoneSimulator.ActiveCfg = Release|Any CPU
		{31B94B0C-3DD7-4559-A631-A2737116FCB1}.AppStore|iPhoneSimulator.Build.0 = Release|Any CPU
		{31B94B0C-3DD7-4559-A631-A2737116FCB1}.AppStore|x64.ActiveCfg = Release|Any CPU
		{31B94B0C-3DD7-4559-A631-A2737116FCB1}.AppStore|x64.Build.0 = Release|Any CPU
		{31B94B0C-3DD7-4559-A631-A2737116FCB1}.AppStore|x86.ActiveCfg = Release|Any CPU
		{31B94B0C-3DD7-4559-A631-A2737116FCB1}.AppStore|x86.Build.0 = Release|Any CPU
		{31B94B0C-3DD7-4559-A631-A2737116FCB1}.Debug|Any CPU.ActiveCfg = Debug|Any CPU
		{31B94B0C-3DD7-4559-A631-A2737116FCB1}.Debug|Any CPU.Build.0 = Debug|Any CPU
		{31B94B0C-3DD7-4559-A631-A2737116FCB1}.Debug|ARM.ActiveCfg = Debug|Any CPU
		{31B94B0C-3DD7-4559-A631-A2737116FCB1}.Debug|ARM.Build.0 = Debug|Any CPU
		{31B94B0C-3DD7-4559-A631-A2737116FCB1}.Debug|iPhone.ActiveCfg = Debug|Any CPU
		{31B94B0C-3DD7-4559-A631-A2737116FCB1}.Debug|iPhone.Build.0 = Debug|Any CPU
		{31B94B0C-3DD7-4559-A631-A2737116FCB1}.Debug|iPhoneSimulator.ActiveCfg = Debug|Any CPU
		{31B94B0C-3DD7-4559-A631-A2737116FCB1}.Debug|iPhoneSimulator.Build.0 = Debug|Any CPU
		{31B94B0C-3DD7-4559-A631-A2737116FCB1}.Debug|x64.ActiveCfg = Debug|Any CPU
		{31B94B0C-3DD7-4559-A631-A2737116FCB1}.Debug|x64.Build.0 = Debug|Any CPU
		{31B94B0C-3DD7-4559-A631-A2737116FCB1}.Debug|x86.ActiveCfg = Debug|Any CPU
		{31B94B0C-3DD7-4559-A631-A2737116FCB1}.Debug|x86.Build.0 = Debug|Any CPU
		{31B94B0C-3DD7-4559-A631-A2737116FCB1}.Release|Any CPU.ActiveCfg = Release|Any CPU
		{31B94B0C-3DD7-4559-A631-A2737116FCB1}.Release|Any CPU.Build.0 = Release|Any CPU
		{31B94B0C-3DD7-4559-A631-A2737116FCB1}.Release|ARM.ActiveCfg = Release|Any CPU
		{31B94B0C-3DD7-4559-A631-A2737116FCB1}.Release|ARM.Build.0 = Release|Any CPU
		{31B94B0C-3DD7-4559-A631-A2737116FCB1}.Release|iPhone.ActiveCfg = Release|Any CPU
		{31B94B0C-3DD7-4559-A631-A2737116FCB1}.Release|iPhone.Build.0 = Release|Any CPU
		{31B94B0C-3DD7-4559-A631-A2737116FCB1}.Release|iPhoneSimulator.ActiveCfg = Release|Any CPU
		{31B94B0C-3DD7-4559-A631-A2737116FCB1}.Release|iPhoneSimulator.Build.0 = Release|Any CPU
		{31B94B0C-3DD7-4559-A631-A2737116FCB1}.Release|x64.ActiveCfg = Release|Any CPU
		{31B94B0C-3DD7-4559-A631-A2737116FCB1}.Release|x64.Build.0 = Release|Any CPU
		{31B94B0C-3DD7-4559-A631-A2737116FCB1}.Release|x86.ActiveCfg = Release|Any CPU
		{31B94B0C-3DD7-4559-A631-A2737116FCB1}.Release|x86.Build.0 = Release|Any CPU
	EndGlobalSection
	GlobalSection(SolutionProperties) = preSolution
		HideSolutionNode = FALSE
	EndGlobalSection
	GlobalSection(ExtensibilityGlobals) = postSolution
		SolutionGuid = {481DC098-65E0-473C-9FE5-D9AB7A74111C}
	EndGlobalSection
EndGlobal
